
Microsoft Visual Studio Solution File, Format Version 12.00
# Visual Studio Version 16
VisualStudioVersion = 16.0.31702.278
MinimumVisualStudioVersion = 10.0.40219.1
Project("{FAE04EC0-301F-11D3-BF4B-00C04F79EFBC}") = "study", "study\study.csproj", "{88B26897-77ED-4507-ABA8-932ABE86BBE5}"
EndProject
Global
	GlobalSection(SolutionConfigurationPlatforms) = preSolution
		Debug|Any CPU = Debug|Any CPU
		Release|Any CPU = Release|Any CPU
	EndGlobalSection
	GlobalSection(ProjectConfigurationPlatforms) = postSolution
		{88B26897-77ED-4507-ABA8-932ABE86BBE5}.Debug|Any CPU.ActiveCfg = Debug|Any CPU
		{88B26897-77ED-4507-ABA8-932ABE86BBE5}.Debug|Any CPU.Build.0 = Debug|Any CPU
		{88B26897-77ED-4507-ABA8-932ABE86BBE5}.Release|Any CPU.ActiveCfg = Release|Any CPU
		{88B26897-77ED-4507-ABA8-932ABE86BBE5}.Release|Any CPU.Build.0 = Release|Any CPU
	EndGlobalSection
	GlobalSection(SolutionProperties) = preSolution
		HideSolutionNode = FALSE
	EndGlobalSection
	GlobalSection(ExtensibilityGlobals) = postSolution
		SolutionGuid = {25EEC2C7-B35D-4655-BE1E-C3C5C6C59308}
	EndGlobalSection
EndGlobal
